// !$*UTF8*$!
{
	archiveVersion = 1;
	classes = {
	};
	objectVersion = 52;
	objects = {

/* Begin PBXBuildFile section */
		A6EB47152374592400F8E40F /* TableViewVC.swift in Sources */ = {isa = PBXBuildFile; fileRef = A6EB47122374592400F8E40F /* TableViewVC.swift */; };
		A6EB47162374592400F8E40F /* TableViewVMs.swift in Sources */ = {isa = PBXBuildFile; fileRef = A6EB47132374592400F8E40F /* TableViewVMs.swift */; };
		A6EB47172374592400F8E40F /* VMTypeID.swift in Sources */ = {isa = PBXBuildFile; fileRef = A6EB47142374592400F8E40F /* VMTypeID.swift */; };
		A6EB47182374594000F8E40F /* TableViewVC.swift in Headers */ = {isa = PBXBuildFile; fileRef = A6EB47122374592400F8E40F /* TableViewVC.swift */; settings = {ATTRIBUTES = (Public, ); }; };
		A6EB47192374594000F8E40F /* TableViewVMs.swift in Headers */ = {isa = PBXBuildFile; fileRef = A6EB47132374592400F8E40F /* TableViewVMs.swift */; settings = {ATTRIBUTES = (Public, ); }; };
		A6EB471A2374594000F8E40F /* VMTypeID.swift in Headers */ = {isa = PBXBuildFile; fileRef = A6EB47142374592400F8E40F /* VMTypeID.swift */; settings = {ATTRIBUTES = (Public, ); }; };
		A6EB471B2374594C00F8E40F /* TableViewVC.swift in Sources */ = {isa = PBXBuildFile; fileRef = A6EB47122374592400F8E40F /* TableViewVC.swift */; platformFilter = ios; settings = {ATTRIBUTES = (Public, ); }; };
		A6EB471C2374594C00F8E40F /* TableViewVMs.swift in Sources */ = {isa = PBXBuildFile; fileRef = A6EB47132374592400F8E40F /* TableViewVMs.swift */; platformFilter = ios; settings = {ATTRIBUTES = (Public, ); }; };
		A6EB471D2374594C00F8E40F /* VMTypeID.swift in Sources */ = {isa = PBXBuildFile; fileRef = A6EB47142374592400F8E40F /* VMTypeID.swift */; platformFilter = ios; settings = {ATTRIBUTES = (Public, ); }; };
		A6EB471E2374594C00F8E40F /* TableViewVC.swift in Sources */ = {isa = PBXBuildFile; fileRef = A6EB47122374592400F8E40F /* TableViewVC.swift */; };
		A6EB471F2374594C00F8E40F /* TableViewVMs.swift in Sources */ = {isa = PBXBuildFile; fileRef = A6EB47132374592400F8E40F /* TableViewVMs.swift */; };
		A6EB47202374594C00F8E40F /* VMTypeID.swift in Sources */ = {isa = PBXBuildFile; fileRef = A6EB47142374592400F8E40F /* VMTypeID.swift */; };
		A6EB47212374596000F8E40F /* TableViewVC.swift in Headers */ = {isa = PBXBuildFile; fileRef = A6EB47122374592400F8E40F /* TableViewVC.swift */; platformFilter = ios; settings = {ATTRIBUTES = (Public, ); }; };
		A6EB47222374596000F8E40F /* TableViewVMs.swift in Headers */ = {isa = PBXBuildFile; fileRef = A6EB47132374592400F8E40F /* TableViewVMs.swift */; platformFilter = ios; settings = {ATTRIBUTES = (Public, ); }; };
		A6EB47232374596000F8E40F /* VMTypeID.swift in Headers */ = {isa = PBXBuildFile; fileRef = A6EB47142374592400F8E40F /* VMTypeID.swift */; platformFilter = ios; settings = {ATTRIBUTES = (Public, ); }; };
		A6FCF2BA2023A32700E1DC7F /* Bradel.framework in Frameworks */ = {isa = PBXBuildFile; fileRef = A6FCF2B02023A32600E1DC7F /* Bradel.framework */; };
		A6FCF2C12023A32700E1DC7F /* Bradel.h in Headers */ = {isa = PBXBuildFile; fileRef = A6FCF2B32023A32700E1DC7F /* Bradel.h */; platformFilter = ios; settings = {ATTRIBUTES = (Public, ); }; };
		BB5B5ADE22AB11BA0098F928 /* BradelTests.swift in Sources */ = {isa = PBXBuildFile; fileRef = BB5B5ADC22AB11BA0098F928 /* BradelTests.swift */; };
		BB5B5ADF22AB11BA0098F928 /* XCTestManifests.swift in Sources */ = {isa = PBXBuildFile; fileRef = BB5B5ADD22AB11BA0098F928 /* XCTestManifests.swift */; };
		BBD2A78522895AE200121880 /* Bradel.h in Headers */ = {isa = PBXBuildFile; fileRef = A6FCF2B32023A32700E1DC7F /* Bradel.h */; settings = {ATTRIBUTES = (Public, ); }; };
/* End PBXBuildFile section */

/* Begin PBXContainerItemProxy section */
		A6FCF2BB2023A32700E1DC7F /* PBXContainerItemProxy */ = {
			isa = PBXContainerItemProxy;
			containerPortal = A6FCF2A72023A32600E1DC7F /* Project object */;
			proxyType = 1;
			remoteGlobalIDString = A6FCF2AF2023A32600E1DC7F;
			remoteInfo = Bradel;
		};
/* End PBXContainerItemProxy section */

/* Begin PBXFileReference section */
		A6EB47122374592400F8E40F /* TableViewVC.swift */ = {isa = PBXFileReference; lastKnownFileType = sourcecode.swift; name = TableViewVC.swift; path = Sources/Bradel/TableViewVC.swift; sourceTree = "<group>"; };
		A6EB47132374592400F8E40F /* TableViewVMs.swift */ = {isa = PBXFileReference; lastKnownFileType = sourcecode.swift; name = TableViewVMs.swift; path = Sources/Bradel/TableViewVMs.swift; sourceTree = "<group>"; };
		A6EB47142374592400F8E40F /* VMTypeID.swift */ = {isa = PBXFileReference; lastKnownFileType = sourcecode.swift; name = VMTypeID.swift; path = Sources/Bradel/VMTypeID.swift; sourceTree = "<group>"; };
		A6FCF2B02023A32600E1DC7F /* Bradel.framework */ = {isa = PBXFileReference; explicitFileType = wrapper.framework; includeInIndex = 0; path = Bradel.framework; sourceTree = BUILT_PRODUCTS_DIR; };
		A6FCF2B32023A32700E1DC7F /* Bradel.h */ = {isa = PBXFileReference; lastKnownFileType = sourcecode.c.h; path = Bradel.h; sourceTree = "<group>"; };
		A6FCF2B42023A32700E1DC7F /* Info.plist */ = {isa = PBXFileReference; lastKnownFileType = text.plist.xml; path = Info.plist; sourceTree = "<group>"; };
		A6FCF2B92023A32700E1DC7F /* BradelTests.xctest */ = {isa = PBXFileReference; explicitFileType = wrapper.cfbundle; includeInIndex = 0; path = BradelTests.xctest; sourceTree = BUILT_PRODUCTS_DIR; };
		BB5B5ADC22AB11BA0098F928 /* BradelTests.swift */ = {isa = PBXFileReference; fileEncoding = 4; lastKnownFileType = sourcecode.swift; path = BradelTests.swift; sourceTree = "<group>"; };
		BB5B5ADD22AB11BA0098F928 /* XCTestManifests.swift */ = {isa = PBXFileReference; fileEncoding = 4; lastKnownFileType = sourcecode.swift; path = XCTestManifests.swift; sourceTree = "<group>"; };
		BB5B5AE022AB11DC0098F928 /* Info.plist */ = {isa = PBXFileReference; lastKnownFileType = text.plist.xml; path = Info.plist; sourceTree = "<group>"; };
		BBD2A78A22895AE200121880 /* Bradel.framework */ = {isa = PBXFileReference; explicitFileType = wrapper.framework; includeInIndex = 0; path = Bradel.framework; sourceTree = BUILT_PRODUCTS_DIR; };
/* End PBXFileReference section */

/* Begin PBXFrameworksBuildPhase section */
		A6FCF2AC2023A32600E1DC7F /* Frameworks */ = {
			isa = PBXFrameworksBuildPhase;
			buildActionMask = 2147483647;
			files = (
			);
			runOnlyForDeploymentPostprocessing = 0;
		};
		A6FCF2B62023A32700E1DC7F /* Frameworks */ = {
			isa = PBXFrameworksBuildPhase;
			buildActionMask = 2147483647;
			files = (
				A6FCF2BA2023A32700E1DC7F /* Bradel.framework in Frameworks */,
			);
			runOnlyForDeploymentPostprocessing = 0;
		};
		BBD2A78322895AE200121880 /* Frameworks */ = {
			isa = PBXFrameworksBuildPhase;
			buildActionMask = 2147483647;
			files = (
			);
			runOnlyForDeploymentPostprocessing = 0;
		};
/* End PBXFrameworksBuildPhase section */

/* Begin PBXGroup section */
		A6FCF2A62023A32600E1DC7F = {
			isa = PBXGroup;
			children = (
				A6EB47122374592400F8E40F /* TableViewVC.swift */,
				A6EB47132374592400F8E40F /* TableViewVMs.swift */,
				A6EB47142374592400F8E40F /* VMTypeID.swift */,
				A6FCF2B22023A32700E1DC7F /* Bradel */,
				BB5B5ADA22AB11BA0098F928 /* Tests */,
				A6FCF2B12023A32600E1DC7F /* Products */,
			);
			sourceTree = "<group>";
		};
		A6FCF2B12023A32600E1DC7F /* Products */ = {
			isa = PBXGroup;
			children = (
				A6FCF2B02023A32600E1DC7F /* Bradel.framework */,
				A6FCF2B92023A32700E1DC7F /* BradelTests.xctest */,
				BBD2A78A22895AE200121880 /* Bradel.framework */,
			);
			name = Products;
			sourceTree = "<group>";
		};
		A6FCF2B22023A32700E1DC7F /* Bradel */ = {
			isa = PBXGroup;
			children = (
				A6FCF2B32023A32700E1DC7F /* Bradel.h */,
				A6FCF2B42023A32700E1DC7F /* Info.plist */,
			);
			path = Bradel;
			sourceTree = "<group>";
		};
		BB5B5ADA22AB11BA0098F928 /* Tests */ = {
			isa = PBXGroup;
			children = (
				BB5B5ADB22AB11BA0098F928 /* BradelTests */,
			);
			path = Tests;
			sourceTree = "<group>";
		};
		BB5B5ADB22AB11BA0098F928 /* BradelTests */ = {
			isa = PBXGroup;
			children = (
				BB5B5AE022AB11DC0098F928 /* Info.plist */,
				BB5B5ADC22AB11BA0098F928 /* BradelTests.swift */,
				BB5B5ADD22AB11BA0098F928 /* XCTestManifests.swift */,
			);
			path = BradelTests;
			sourceTree = "<group>";
		};
/* End PBXGroup section */

/* Begin PBXHeadersBuildPhase section */
		A6FCF2AD2023A32600E1DC7F /* Headers */ = {
			isa = PBXHeadersBuildPhase;
			buildActionMask = 2147483647;
			files = (
				A6FCF2C12023A32700E1DC7F /* Bradel.h in Headers */,
				A6EB47212374596000F8E40F /* TableViewVC.swift in Headers */,
				A6EB47222374596000F8E40F /* TableViewVMs.swift in Headers */,
				A6EB47232374596000F8E40F /* VMTypeID.swift in Headers */,
			);
			runOnlyForDeploymentPostprocessing = 0;
		};
		BBD2A78422895AE200121880 /* Headers */ = {
			isa = PBXHeadersBuildPhase;
			buildActionMask = 2147483647;
			files = (
				BBD2A78522895AE200121880 /* Bradel.h in Headers */,
				A6EB47182374594000F8E40F /* TableViewVC.swift in Headers */,
				A6EB47192374594000F8E40F /* TableViewVMs.swift in Headers */,
				A6EB471A2374594000F8E40F /* VMTypeID.swift in Headers */,
			);
			runOnlyForDeploymentPostprocessing = 0;
		};
/* End PBXHeadersBuildPhase section */

/* Begin PBXNativeTarget section */
		A6FCF2AF2023A32600E1DC7F /* Bradel iOS */ = {
			isa = PBXNativeTarget;
			buildConfigurationList = A6FCF2C42023A32700E1DC7F /* Build configuration list for PBXNativeTarget "Bradel iOS" */;
			buildPhases = (
				A6FCF2AB2023A32600E1DC7F /* Sources */,
				A6FCF2AC2023A32600E1DC7F /* Frameworks */,
				A6FCF2AD2023A32600E1DC7F /* Headers */,
				A6FCF2AE2023A32600E1DC7F /* Resources */,
			);
			buildRules = (
			);
			dependencies = (
			);
			name = "Bradel iOS";
			productName = Bradel;
			productReference = A6FCF2B02023A32600E1DC7F /* Bradel.framework */;
			productType = "com.apple.product-type.framework";
		};
		A6FCF2B82023A32700E1DC7F /* BradelTests */ = {
			isa = PBXNativeTarget;
			buildConfigurationList = A6FCF2C72023A32700E1DC7F /* Build configuration list for PBXNativeTarget "BradelTests" */;
			buildPhases = (
				A6FCF2B52023A32700E1DC7F /* Sources */,
				A6FCF2B62023A32700E1DC7F /* Frameworks */,
				A6FCF2B72023A32700E1DC7F /* Resources */,
			);
			buildRules = (
			);
			dependencies = (
				A6FCF2BC2023A32700E1DC7F /* PBXTargetDependency */,
			);
			name = BradelTests;
			productName = BradelTests;
			productReference = A6FCF2B92023A32700E1DC7F /* BradelTests.xctest */;
			productType = "com.apple.product-type.bundle.unit-test";
		};
		BBD2A77E22895AE200121880 /* Bradel tvOS */ = {
			isa = PBXNativeTarget;
			buildConfigurationList = BBD2A78722895AE200121880 /* Build configuration list for PBXNativeTarget "Bradel tvOS" */;
			buildPhases = (
				BBD2A77F22895AE200121880 /* Sources */,
				BBD2A78322895AE200121880 /* Frameworks */,
				BBD2A78422895AE200121880 /* Headers */,
				BBD2A78622895AE200121880 /* Resources */,
			);
			buildRules = (
			);
			dependencies = (
			);
			name = "Bradel tvOS";
			productName = Bradel;
			productReference = BBD2A78A22895AE200121880 /* Bradel.framework */;
			productType = "com.apple.product-type.framework";
		};
/* End PBXNativeTarget section */

/* Begin PBXProject section */
		A6FCF2A72023A32600E1DC7F /* Project object */ = {
			isa = PBXProject;
			attributes = {
				LastSwiftUpdateCheck = 0920;
				LastUpgradeCheck = 1000;
				ORGANIZATIONNAME = "Adrien Humilière";
				TargetAttributes = {
					A6FCF2AF2023A32600E1DC7F = {
						CreatedOnToolsVersion = 9.2;
						LastSwiftMigration = 1020;
						ProvisioningStyle = Automatic;
					};
					A6FCF2B82023A32700E1DC7F = {
						CreatedOnToolsVersion = 9.2;
						LastSwiftMigration = 1020;
						ProvisioningStyle = Automatic;
					};
					BBD2A77E22895AE200121880 = {
						ProvisioningStyle = Automatic;
					};
				};
			};
			buildConfigurationList = A6FCF2AA2023A32600E1DC7F /* Build configuration list for PBXProject "Bradel" */;
			compatibilityVersion = "Xcode 8.0";
			developmentRegion = en;
			hasScannedForEncodings = 0;
			knownRegions = (
				en,
				Base,
			);
			mainGroup = A6FCF2A62023A32600E1DC7F;
			productRefGroup = A6FCF2B12023A32600E1DC7F /* Products */;
			projectDirPath = "";
			projectRoot = "";
			targets = (
				A6FCF2AF2023A32600E1DC7F /* Bradel iOS */,
				BBD2A77E22895AE200121880 /* Bradel tvOS */,
				A6FCF2B82023A32700E1DC7F /* BradelTests */,
			);
		};
/* End PBXProject section */

/* Begin PBXResourcesBuildPhase section */
		A6FCF2AE2023A32600E1DC7F /* Resources */ = {
			isa = PBXResourcesBuildPhase;
			buildActionMask = 2147483647;
			files = (
			);
			runOnlyForDeploymentPostprocessing = 0;
		};
		A6FCF2B72023A32700E1DC7F /* Resources */ = {
			isa = PBXResourcesBuildPhase;
			buildActionMask = 2147483647;
			files = (
			);
			runOnlyForDeploymentPostprocessing = 0;
		};
		BBD2A78622895AE200121880 /* Resources */ = {
			isa = PBXResourcesBuildPhase;
			buildActionMask = 2147483647;
			files = (
			);
			runOnlyForDeploymentPostprocessing = 0;
		};
/* End PBXResourcesBuildPhase section */

/* Begin PBXSourcesBuildPhase section */
		A6FCF2AB2023A32600E1DC7F /* Sources */ = {
			isa = PBXSourcesBuildPhase;
			buildActionMask = 2147483647;
			files = (
				A6EB471C2374594C00F8E40F /* TableViewVMs.swift in Sources */,
				A6EB471B2374594C00F8E40F /* TableViewVC.swift in Sources */,
				A6EB471D2374594C00F8E40F /* VMTypeID.swift in Sources */,
			);
			runOnlyForDeploymentPostprocessing = 0;
		};
		A6FCF2B52023A32700E1DC7F /* Sources */ = {
			isa = PBXSourcesBuildPhase;
			buildActionMask = 2147483647;
			files = (
				A6EB471E2374594C00F8E40F /* TableViewVC.swift in Sources */,
				BB5B5ADE22AB11BA0098F928 /* BradelTests.swift in Sources */,
				A6EB471F2374594C00F8E40F /* TableViewVMs.swift in Sources */,
				A6EB47202374594C00F8E40F /* VMTypeID.swift in Sources */,
				BB5B5ADF22AB11BA0098F928 /* XCTestManifests.swift in Sources */,
			);
			runOnlyForDeploymentPostprocessing = 0;
		};
		BBD2A77F22895AE200121880 /* Sources */ = {
			isa = PBXSourcesBuildPhase;
			buildActionMask = 2147483647;
			files = (
				A6EB47152374592400F8E40F /* TableViewVC.swift in Sources */,
				A6EB47162374592400F8E40F /* TableViewVMs.swift in Sources */,
				A6EB47172374592400F8E40F /* VMTypeID.swift in Sources */,
			);
			runOnlyForDeploymentPostprocessing = 0;
		};
/* End PBXSourcesBuildPhase section */

/* Begin PBXTargetDependency section */
		A6FCF2BC2023A32700E1DC7F /* PBXTargetDependency */ = {
			isa = PBXTargetDependency;
			target = A6FCF2AF2023A32600E1DC7F /* Bradel iOS */;
			targetProxy = A6FCF2BB2023A32700E1DC7F /* PBXContainerItemProxy */;
		};
/* End PBXTargetDependency section */

/* Begin XCBuildConfiguration section */
		A6FCF2C22023A32700E1DC7F /* Debug */ = {
			isa = XCBuildConfiguration;
			buildSettings = {
				ALWAYS_SEARCH_USER_PATHS = NO;
				CLANG_ANALYZER_NONNULL = YES;
				CLANG_ANALYZER_NUMBER_OBJECT_CONVERSION = YES_AGGRESSIVE;
				CLANG_CXX_LANGUAGE_STANDARD = "gnu++14";
				CLANG_CXX_LIBRARY = "libc++";
				CLANG_ENABLE_MODULES = YES;
				CLANG_ENABLE_OBJC_ARC = YES;
				CLANG_WARN_BLOCK_CAPTURE_AUTORELEASING = YES;
				CLANG_WARN_BOOL_CONVERSION = YES;
				CLANG_WARN_COMMA = YES;
				CLANG_WARN_CONSTANT_CONVERSION = YES;
				CLANG_WARN_DEPRECATED_OBJC_IMPLEMENTATIONS = YES;
				CLANG_WARN_DIRECT_OBJC_ISA_USAGE = YES_ERROR;
				CLANG_WARN_DOCUMENTATION_COMMENTS = YES;
				CLANG_WARN_EMPTY_BODY = YES;
				CLANG_WARN_ENUM_CONVERSION = YES;
				CLANG_WARN_INFINITE_RECURSION = YES;
				CLANG_WARN_INT_CONVERSION = YES;
				CLANG_WARN_NON_LITERAL_NULL_CONVERSION = YES;
				CLANG_WARN_OBJC_IMPLICIT_RETAIN_SELF = YES;
				CLANG_WARN_OBJC_LITERAL_CONVERSION = YES;
				CLANG_WARN_OBJC_ROOT_CLASS = YES_ERROR;
				CLANG_WARN_RANGE_LOOP_ANALYSIS = YES;
				CLANG_WARN_STRICT_PROTOTYPES = YES;
				CLANG_WARN_SUSPICIOUS_MOVE = YES;
				CLANG_WARN_UNGUARDED_AVAILABILITY = YES_AGGRESSIVE;
				CLANG_WARN_UNREACHABLE_CODE = YES;
				CLANG_WARN__DUPLICATE_METHOD_MATCH = YES;
				CODE_SIGN_IDENTITY = "iPhone Developer";
				COPY_PHASE_STRIP = NO;
				CURRENT_PROJECT_VERSION = 1;
				DEBUG_INFORMATION_FORMAT = dwarf;
				ENABLE_STRICT_OBJC_MSGSEND = YES;
				ENABLE_TESTABILITY = YES;
				GCC_C_LANGUAGE_STANDARD = gnu11;
				GCC_DYNAMIC_NO_PIC = NO;
				GCC_NO_COMMON_BLOCKS = YES;
				GCC_OPTIMIZATION_LEVEL = 0;
				GCC_PREPROCESSOR_DEFINITIONS = (
					"DEBUG=1",
					"$(inherited)",
				);
				GCC_WARN_64_TO_32_BIT_CONVERSION = YES;
				GCC_WARN_ABOUT_RETURN_TYPE = YES_ERROR;
				GCC_WARN_UNDECLARED_SELECTOR = YES;
				GCC_WARN_UNINITIALIZED_AUTOS = YES_AGGRESSIVE;
				GCC_WARN_UNUSED_FUNCTION = YES;
				GCC_WARN_UNUSED_VARIABLE = YES;
				IPHONEOS_DEPLOYMENT_TARGET = 9.0;
				MTL_ENABLE_DEBUG_INFO = YES;
				ONLY_ACTIVE_ARCH = YES;
				SDKROOT = iphoneos;
				SWIFT_ACTIVE_COMPILATION_CONDITIONS = DEBUG;
				SWIFT_OPTIMIZATION_LEVEL = "-Onone";
				VERSIONING_SYSTEM = "apple-generic";
				VERSION_INFO_PREFIX = "";
			};
			name = Debug;
		};
		A6FCF2C32023A32700E1DC7F /* Release */ = {
			isa = XCBuildConfiguration;
			buildSettings = {
				ALWAYS_SEARCH_USER_PATHS = NO;
				CLANG_ANALYZER_NONNULL = YES;
				CLANG_ANALYZER_NUMBER_OBJECT_CONVERSION = YES_AGGRESSIVE;
				CLANG_CXX_LANGUAGE_STANDARD = "gnu++14";
				CLANG_CXX_LIBRARY = "libc++";
				CLANG_ENABLE_MODULES = YES;
				CLANG_ENABLE_OBJC_ARC = YES;
				CLANG_WARN_BLOCK_CAPTURE_AUTORELEASING = YES;
				CLANG_WARN_BOOL_CONVERSION = YES;
				CLANG_WARN_COMMA = YES;
				CLANG_WARN_CONSTANT_CONVERSION = YES;
				CLANG_WARN_DEPRECATED_OBJC_IMPLEMENTATIONS = YES;
				CLANG_WARN_DIRECT_OBJC_ISA_USAGE = YES_ERROR;
				CLANG_WARN_DOCUMENTATION_COMMENTS = YES;
				CLANG_WARN_EMPTY_BODY = YES;
				CLANG_WARN_ENUM_CONVERSION = YES;
				CLANG_WARN_INFINITE_RECURSION = YES;
				CLANG_WARN_INT_CONVERSION = YES;
				CLANG_WARN_NON_LITERAL_NULL_CONVERSION = YES;
				CLANG_WARN_OBJC_IMPLICIT_RETAIN_SELF = YES;
				CLANG_WARN_OBJC_LITERAL_CONVERSION = YES;
				CLANG_WARN_OBJC_ROOT_CLASS = YES_ERROR;
				CLANG_WARN_RANGE_LOOP_ANALYSIS = YES;
				CLANG_WARN_STRICT_PROTOTYPES = YES;
				CLANG_WARN_SUSPICIOUS_MOVE = YES;
				CLANG_WARN_UNGUARDED_AVAILABILITY = YES_AGGRESSIVE;
				CLANG_WARN_UNREACHABLE_CODE = YES;
				CLANG_WARN__DUPLICATE_METHOD_MATCH = YES;
				CODE_SIGN_IDENTITY = "iPhone Developer";
				COPY_PHASE_STRIP = NO;
				CURRENT_PROJECT_VERSION = 1;
				DEBUG_INFORMATION_FORMAT = "dwarf-with-dsym";
				ENABLE_NS_ASSERTIONS = NO;
				ENABLE_STRICT_OBJC_MSGSEND = YES;
				GCC_C_LANGUAGE_STANDARD = gnu11;
				GCC_NO_COMMON_BLOCKS = YES;
				GCC_WARN_64_TO_32_BIT_CONVERSION = YES;
				GCC_WARN_ABOUT_RETURN_TYPE = YES_ERROR;
				GCC_WARN_UNDECLARED_SELECTOR = YES;
				GCC_WARN_UNINITIALIZED_AUTOS = YES_AGGRESSIVE;
				GCC_WARN_UNUSED_FUNCTION = YES;
				GCC_WARN_UNUSED_VARIABLE = YES;
				IPHONEOS_DEPLOYMENT_TARGET = 9.0;
				MTL_ENABLE_DEBUG_INFO = NO;
				SDKROOT = iphoneos;
				SWIFT_COMPILATION_MODE = wholemodule;
				SWIFT_OPTIMIZATION_LEVEL = "-O";
				VALIDATE_PRODUCT = YES;
				VERSIONING_SYSTEM = "apple-generic";
				VERSION_INFO_PREFIX = "";
			};
			name = Release;
		};
		A6FCF2C52023A32700E1DC7F /* Debug */ = {
			isa = XCBuildConfiguration;
			buildSettings = {
				CLANG_ENABLE_MODULES = YES;
				CODE_SIGN_IDENTITY = "";
				CODE_SIGN_STYLE = Automatic;
				DEFINES_MODULE = YES;
				DEVELOPMENT_TEAM = E873B24XVN;
				DYLIB_COMPATIBILITY_VERSION = 1;
				DYLIB_CURRENT_VERSION = 1;
				DYLIB_INSTALL_NAME_BASE = "@rpath";
				INFOPLIST_FILE = "$(SRCROOT)/Bradel/Info.plist";
				INSTALL_PATH = "$(LOCAL_LIBRARY_DIR)/Frameworks";
				LD_RUNPATH_SEARCH_PATHS = (
					"$(inherited)",
					"@executable_path/Frameworks",
					"@loader_path/Frameworks",
				);
				MARKETING_VERSION = 0.5.1;
				PRODUCT_BUNDLE_IDENTIFIER = "fr.adhumi.Bradel-iOS";
				PRODUCT_MODULE_NAME = Bradel;
				PRODUCT_NAME = Bradel;
				SKIP_INSTALL = YES;
				SWIFT_OPTIMIZATION_LEVEL = "-Onone";
				SWIFT_VERSION = 5.0;
				TARGETED_DEVICE_FAMILY = "1,2";
			};
			name = Debug;
		};
		A6FCF2C62023A32700E1DC7F /* Release */ = {
			isa = XCBuildConfiguration;
			buildSettings = {
				CLANG_ENABLE_MODULES = YES;
				CODE_SIGN_IDENTITY = "";
				CODE_SIGN_STYLE = Automatic;
				DEFINES_MODULE = YES;
				DEVELOPMENT_TEAM = E873B24XVN;
				DYLIB_COMPATIBILITY_VERSION = 1;
				DYLIB_CURRENT_VERSION = 1;
				DYLIB_INSTALL_NAME_BASE = "@rpath";
				INFOPLIST_FILE = "$(SRCROOT)/Bradel/Info.plist";
				INSTALL_PATH = "$(LOCAL_LIBRARY_DIR)/Frameworks";
				LD_RUNPATH_SEARCH_PATHS = (
					"$(inherited)",
					"@executable_path/Frameworks",
					"@loader_path/Frameworks",
				);
				MARKETING_VERSION = 0.5.1;
				PRODUCT_BUNDLE_IDENTIFIER = "fr.adhumi.Bradel-iOS";
				PRODUCT_MODULE_NAME = Bradel;
				PRODUCT_NAME = Bradel;
				SKIP_INSTALL = YES;
				SWIFT_VERSION = 5.0;
				TARGETED_DEVICE_FAMILY = "1,2";
			};
			name = Release;
		};
		A6FCF2C82023A32700E1DC7F /* Debug */ = {
			isa = XCBuildConfiguration;
			buildSettings = {
				ALWAYS_EMBED_SWIFT_STANDARD_LIBRARIES = YES;
				CODE_SIGN_STYLE = Automatic;
				DEVELOPMENT_TEAM = E873B24XVN;
				INFOPLIST_FILE = Tests/BradelTests/Info.plist;
				LD_RUNPATH_SEARCH_PATHS = (
					"$(inherited)",
					"@executable_path/Frameworks",
					"@loader_path/Frameworks",
				);
				PRODUCT_BUNDLE_IDENTIFIER = fr.adhumi.BradelTests;
				PRODUCT_NAME = "$(TARGET_NAME)";
				SWIFT_VERSION = 5.0;
				TARGETED_DEVICE_FAMILY = "1,2";
			};
			name = Debug;
		};
		A6FCF2C92023A32700E1DC7F /* Release */ = {
			isa = XCBuildConfiguration;
			buildSettings = {
				ALWAYS_EMBED_SWIFT_STANDARD_LIBRARIES = YES;
				CODE_SIGN_STYLE = Automatic;
				DEVELOPMENT_TEAM = E873B24XVN;
				INFOPLIST_FILE = Tests/BradelTests/Info.plist;
				LD_RUNPATH_SEARCH_PATHS = (
					"$(inherited)",
					"@executable_path/Frameworks",
					"@loader_path/Frameworks",
				);
				PRODUCT_BUNDLE_IDENTIFIER = fr.adhumi.BradelTests;
				PRODUCT_NAME = "$(TARGET_NAME)";
				SWIFT_VERSION = 5.0;
				TARGETED_DEVICE_FAMILY = "1,2";
			};
			name = Release;
		};
		BBD2A78822895AE200121880 /* Debug */ = {
			isa = XCBuildConfiguration;
			buildSettings = {
				CLANG_ENABLE_MODULES = YES;
				CODE_SIGN_IDENTITY = "";
				CODE_SIGN_STYLE = Automatic;
				DEFINES_MODULE = YES;
				DEVELOPMENT_TEAM = E873B24XVN;
				DYLIB_COMPATIBILITY_VERSION = 1;
				DYLIB_CURRENT_VERSION = 1;
				DYLIB_INSTALL_NAME_BASE = "@rpath";
				INFOPLIST_FILE = "$(SRCROOT)/Bradel/Info.plist";
				INSTALL_PATH = "$(LOCAL_LIBRARY_DIR)/Frameworks";
				LD_RUNPATH_SEARCH_PATHS = (
					"$(inherited)",
					"@executable_path/Frameworks",
					"@loader_path/Frameworks",
				);
				MARKETING_VERSION = 0.5.1;
				PRODUCT_BUNDLE_IDENTIFIER = "fr.adhumi.Bradel-tvOS";
				PRODUCT_MODULE_NAME = Bradel;
				PRODUCT_NAME = Bradel;
				SDKROOT = appletvos;
				SKIP_INSTALL = YES;
				SWIFT_OPTIMIZATION_LEVEL = "-Onone";
				SWIFT_VERSION = 5.0;
				TVOS_DEPLOYMENT_TARGET = 12.0;
			};
			name = Debug;
		};
		BBD2A78922895AE200121880 /* Release */ = {
			isa = XCBuildConfiguration;
			buildSettings = {
				CLANG_ENABLE_MODULES = YES;
				CODE_SIGN_IDENTITY = "";
				CODE_SIGN_STYLE = Automatic;
				DEFINES_MODULE = YES;
				DEVELOPMENT_TEAM = E873B24XVN;
				DYLIB_COMPATIBILITY_VERSION = 1;
				DYLIB_CURRENT_VERSION = 1;
				DYLIB_INSTALL_NAME_BASE = "@rpath";
				INFOPLIST_FILE = "$(SRCROOT)/Bradel/Info.plist";
				INSTALL_PATH = "$(LOCAL_LIBRARY_DIR)/Frameworks";
				LD_RUNPATH_SEARCH_PATHS = (
					"$(inherited)",
					"@executable_path/Frameworks",
					"@loader_path/Frameworks",
				);
				MARKETING_VERSION = 0.5.1;
				PRODUCT_BUNDLE_IDENTIFIER = "fr.adhumi.Bradel-tvOS";
				PRODUCT_MODULE_NAME = Bradel;
				PRODUCT_NAME = Bradel;
				SDKROOT = appletvos;
				SKIP_INSTALL = YES;
				SWIFT_VERSION = 5.0;
				TVOS_DEPLOYMENT_TARGET = 12.0;
			};
			name = Release;
		};
/* End XCBuildConfiguration section */

/* Begin XCConfigurationList section */
		A6FCF2AA2023A32600E1DC7F /* Build configuration list for PBXProject "Bradel" */ = {
			isa = XCConfigurationList;
			buildConfigurations = (
				A6FCF2C22023A32700E1DC7F /* Debug */,
				A6FCF2C32023A32700E1DC7F /* Release */,
			);
			defaultConfigurationIsVisible = 0;
			defaultConfigurationName = Release;
		};
		A6FCF2C42023A32700E1DC7F /* Build configuration list for PBXNativeTarget "Bradel iOS" */ = {
			isa = XCConfigurationList;
			buildConfigurations = (
				A6FCF2C52023A32700E1DC7F /* Debug */,
				A6FCF2C62023A32700E1DC7F /* Release */,
			);
			defaultConfigurationIsVisible = 0;
			defaultConfigurationName = Release;
		};
		A6FCF2C72023A32700E1DC7F /* Build configuration list for PBXNativeTarget "BradelTests" */ = {
			isa = XCConfigurationList;
			buildConfigurations = (
				A6FCF2C82023A32700E1DC7F /* Debug */,
				A6FCF2C92023A32700E1DC7F /* Release */,
			);
			defaultConfigurationIsVisible = 0;
			defaultConfigurationName = Release;
		};
		BBD2A78722895AE200121880 /* Build configuration list for PBXNativeTarget "Bradel tvOS" */ = {
			isa = XCConfigurationList;
			buildConfigurations = (
				BBD2A78822895AE200121880 /* Debug */,
				BBD2A78922895AE200121880 /* Release */,
			);
			defaultConfigurationIsVisible = 0;
			defaultConfigurationName = Release;
		};
/* End XCConfigurationList section */
	};
	rootObject = A6FCF2A72023A32600E1DC7F /* Project object */;
}
